
Microsoft Visual Studio Solution File, Format Version 12.00
# Visual Studio Version 16
VisualStudioVersion = 16.0.29123.88
MinimumVisualStudioVersion = 10.0.40219.1
Project("{9A19103F-16F7-4668-BE54-9A1E7A4F7556}") = "WiredBrainCofee.ShopInfoTool", "WiredBrainCofee.ShopInfoTool.csproj", "{4ABF8A9E-3A8B-42DF-B4D4-AA8D595709C1}"
EndProject
Project("{9A19103F-16F7-4668-BE54-9A1E7A4F7556}") = "WiredBrainCofee.DataAccess", "..\WiredBrainCofee.DataAccess\WiredBrainCofee.DataAccess.csproj", "{C9B3AFF3-ACB0-4614-9273-DD0145E40212}"
EndProject
Global
	GlobalSection(SolutionConfigurationPlatforms) = preSolution
		Debug|Any CPU = Debug|Any CPU
		Release|Any CPU = Release|Any CPU
	EndGlobalSection
	GlobalSection(ProjectConfigurationPlatforms) = postSolution
		{4ABF8A9E-3A8B-42DF-B4D4-AA8D595709C1}.Debug|Any CPU.ActiveCfg = Debug|Any CPU
		{4ABF8A9E-3A8B-42DF-B4D4-AA8D595709C1}.Debug|Any CPU.Build.0 = Debug|Any CPU
		{4ABF8A9E-3A8B-42DF-B4D4-AA8D595709C1}.Release|Any CPU.ActiveCfg = Release|Any CPU
		{4ABF8A9E-3A8B-42DF-B4D4-AA8D595709C1}.Release|Any CPU.Build.0 = Release|Any CPU
		{C9B3AFF3-ACB0-4614-9273-DD0145E40212}.Debug|Any CPU.ActiveCfg = Debug|Any CPU
		{C9B3AFF3-ACB0-4614-9273-DD0145E40212}.Debug|Any CPU.Build.0 = Debug|Any CPU
		{C9B3AFF3-ACB0-4614-9273-DD0145E40212}.Release|Any CPU.ActiveCfg = Release|Any CPU
		{C9B3AFF3-ACB0-4614-9273-DD0145E40212}.Release|Any CPU.Build.0 = Release|Any CPU
	EndGlobalSection
	GlobalSection(SolutionProperties) = preSolution
		HideSolutionNode = FALSE
	EndGlobalSection
	GlobalSection(ExtensibilityGlobals) = postSolution
		SolutionGuid = {8216E9F5-862D-445A-991F-516F06BF123D}
	EndGlobalSection
EndGlobal
